// !$*UTF8*$!
{
	archiveVersion = 1;
	classes = {
	};
	objectVersion = 56;
	objects = {

/* Begin PBXBuildFile section */
		7D0687BC29ACF89800500A3A /* Lock.swift in Sources */ = {isa = PBXBuildFile; fileRef = 7D0687BB29ACF89800500A3A /* Lock.swift */; };
		7D0687BE29ACFB9100500A3A /* BookARoomView.swift in Sources */ = {isa = PBXBuildFile; fileRef = 7D0687BD29ACFB9100500A3A /* BookARoomView.swift */; };
		7D0687C029ACFC7C00500A3A /* RoomsModel.swift in Sources */ = {isa = PBXBuildFile; fileRef = 7D0687BF29ACFC7C00500A3A /* RoomsModel.swift */; };
		7D0687C229AD1FF400500A3A /* RoomsView.swift in Sources */ = {isa = PBXBuildFile; fileRef = 7D0687C129AD1FF400500A3A /* RoomsView.swift */; };
		7D0687CA29AE2DCB00500A3A /* NFCSimulator.swift in Sources */ = {isa = PBXBuildFile; fileRef = 7D0687C929AE2DCB00500A3A /* NFCSimulator.swift */; };
		7D214EDF299E920500D19798 /* LoginView.swift in Sources */ = {isa = PBXBuildFile; fileRef = 7D214EDE299E920500D19798 /* LoginView.swift */; };
		7D214EE5299F80E600D19798 /* User.swift in Sources */ = {isa = PBXBuildFile; fileRef = 7D214EE4299F80E600D19798 /* User.swift */; };
		7D214EE9299FB0B100D19798 /* BookedRoomsView.swift in Sources */ = {isa = PBXBuildFile; fileRef = 7D214EE8299FB0B000D19798 /* BookedRoomsView.swift */; };
		7D214EEB299FB34F00D19798 /* HomeView.swift in Sources */ = {isa = PBXBuildFile; fileRef = 7D214EEA299FB34F00D19798 /* HomeView.swift */; };
		7D214EED299FB47900D19798 /* AccountSummary.swift in Sources */ = {isa = PBXBuildFile; fileRef = 7D214EEC299FB47900D19798 /* AccountSummary.swift */; };
		7D334A4B29D42B7000D65FC6 /* AddRoomView.swift in Sources */ = {isa = PBXBuildFile; fileRef = 7D334A4A29D42B7000D65FC6 /* AddRoomView.swift */; };
		7D95385029C9DC7A00C800FC /* RoomView.swift in Sources */ = {isa = PBXBuildFile; fileRef = 7D95384F29C9DC7A00C800FC /* RoomView.swift */; };
		7D95385829CCC6DD00C800FC /* AuthorizedUsersView.swift in Sources */ = {isa = PBXBuildFile; fileRef = 7D95385729CCC6DD00C800FC /* AuthorizedUsersView.swift */; };
		7D95387629CDE2D100C800FC /* AllUsersView.swift in Sources */ = {isa = PBXBuildFile; fileRef = 7D95387529CDE2D100C800FC /* AllUsersView.swift */; };
		7D95387829CDE99A00C800FC /* LocksView.swift in Sources */ = {isa = PBXBuildFile; fileRef = 7D95387729CDE99A00C800FC /* LocksView.swift */; };
		EB13F92B29B3B93800C87335 /* GoogleService-Info.plist in Resources */ = {isa = PBXBuildFile; fileRef = EB13F92A29B3B93800C87335 /* GoogleService-Info.plist */; };
		EB13F92D29B60A9000C87335 /* ChangePasswordOnFirstLoginView.swift in Sources */ = {isa = PBXBuildFile; fileRef = EB13F92C29B60A9000C87335 /* ChangePasswordOnFirstLoginView.swift */; };
		EB13F92F29B6179B00C87335 /* ManageUsersView.swift in Sources */ = {isa = PBXBuildFile; fileRef = EB13F92E29B6179B00C87335 /* ManageUsersView.swift */; };
		EB13F93329B61DBA00C87335 /* UserbaseViewModel.swift in Sources */ = {isa = PBXBuildFile; fileRef = EB13F93229B61DBA00C87335 /* UserbaseViewModel.swift */; };
		EB13F93529B8EB6A00C87335 /* EditUserView.swift in Sources */ = {isa = PBXBuildFile; fileRef = EB13F93429B8EB6A00C87335 /* EditUserView.swift */; };
		EB1D4FC729D34D0000A71AB4 /* UsermodelClassTest.swift in Sources */ = {isa = PBXBuildFile; fileRef = EB1D4FC629D34D0000A71AB4 /* UsermodelClassTest.swift */; };
		EB2A275C29AE806C00BE19EC /* FirebaseController.swift in Sources */ = {isa = PBXBuildFile; fileRef = EB2A275B29AE806C00BE19EC /* FirebaseController.swift */; };
		EB40F61129D1A7FA007FEE14 /* FirebaseAuth in Frameworks */ = {isa = PBXBuildFile; productRef = EB40F61029D1A7FA007FEE14 /* FirebaseAuth */; };
		EB40F61329D1A808007FEE14 /* FirebaseFirestoreSwift in Frameworks */ = {isa = PBXBuildFile; productRef = EB40F61229D1A808007FEE14 /* FirebaseFirestoreSwift */; };
		EB496C9029D185F700519C57 /* KeychainManager.swift in Sources */ = {isa = PBXBuildFile; fileRef = EB496C8F29D185F700519C57 /* KeychainManager.swift */; };
		EB4BC21429D1E19700205893 /* UserClassTest.swift in Sources */ = {isa = PBXBuildFile; fileRef = EB4BC21329D1E19700205893 /* UserClassTest.swift */; };
		EBA1E19B29BF839200F2F41B /* ChangePasswordView.swift in Sources */ = {isa = PBXBuildFile; fileRef = EBA1E19A29BF839200F2F41B /* ChangePasswordView.swift */; };
		EBB20DE329A4231B007AF69A /* MainView.swift in Sources */ = {isa = PBXBuildFile; fileRef = EBB20DE229A4231B007AF69A /* MainView.swift */; };
		EBB20DE829A43483007AF69A /* AdminControls.swift in Sources */ = {isa = PBXBuildFile; fileRef = EBB20DE729A43483007AF69A /* AdminControls.swift */; };
		EBB20DEB29A4ECA0007AF69A /* FirebaseAuth in Frameworks */ = {isa = PBXBuildFile; productRef = EBB20DEA29A4ECA0007AF69A /* FirebaseAuth */; };
		EBB20DEF29A4ECA0007AF69A /* FirebaseFirestoreSwift in Frameworks */ = {isa = PBXBuildFile; productRef = EBB20DEE29A4ECA0007AF69A /* FirebaseFirestoreSwift */; };
		EBB20DF829A5492D007AF69A /* ConfigureLockView.swift in Sources */ = {isa = PBXBuildFile; fileRef = EBB20DF729A5492D007AF69A /* ConfigureLockView.swift */; };
		EBB20DFA29A5493C007AF69A /* CreateUserView.swift in Sources */ = {isa = PBXBuildFile; fileRef = EBB20DF929A5493C007AF69A /* CreateUserView.swift */; };
		EBB20DFC29A54954007AF69A /* ConfigureNewMeetingRoomView.swift in Sources */ = {isa = PBXBuildFile; fileRef = EBB20DFB29A54954007AF69A /* ConfigureNewMeetingRoomView.swift */; };
		EBCE539529E97E2E00A6F044 /* StringExtensions.swift in Sources */ = {isa = PBXBuildFile; fileRef = EBCE539429E97E2E00A6F044 /* StringExtensions.swift */; };
		EBCE539729E97E3900A6F044 /* BoolExtensions.swift in Sources */ = {isa = PBXBuildFile; fileRef = EBCE539629E97E3900A6F044 /* BoolExtensions.swift */; };
		EBCE539B29F1C89200A6F044 /* InfoPlist.strings in Resources */ = {isa = PBXBuildFile; fileRef = EBCE539929F1C89200A6F044 /* InfoPlist.strings */; };
		EBCE539E29F1C89200A6F044 /* Localizable.strings in Resources */ = {isa = PBXBuildFile; fileRef = EBCE539C29F1C89200A6F044 /* Localizable.strings */; };
		EBD004B8299E7538008B57A3 /* UnlockITApp.swift in Sources */ = {isa = PBXBuildFile; fileRef = EBD004B7299E7538008B57A3 /* UnlockITApp.swift */; };
		EBD004BC299E753D008B57A3 /* Assets.xcassets in Resources */ = {isa = PBXBuildFile; fileRef = EBD004BB299E753D008B57A3 /* Assets.xcassets */; };
		EBD004BF299E753D008B57A3 /* Preview Assets.xcassets in Resources */ = {isa = PBXBuildFile; fileRef = EBD004BE299E753D008B57A3 /* Preview Assets.xcassets */; };
		EBF2C8F429ABE1B500D22A20 /* RoomTile.swift in Sources */ = {isa = PBXBuildFile; fileRef = EBF2C8F329ABE1B500D22A20 /* RoomTile.swift */; };
		EBF2C8F829ABE25900D22A20 /* AppStyle.swift in Sources */ = {isa = PBXBuildFile; fileRef = EBF2C8F729ABE25900D22A20 /* AppStyle.swift */; };
/* End PBXBuildFile section */

/* Begin PBXContainerItemProxy section */
		EB40F60A29D1A491007FEE14 /* PBXContainerItemProxy */ = {
			isa = PBXContainerItemProxy;
			containerPortal = EBD004AC299E7537008B57A3 /* Project object */;
			proxyType = 1;
			remoteGlobalIDString = EBD004B3299E7537008B57A3;
			remoteInfo = UnlockIT;
		};
/* End PBXContainerItemProxy section */

/* Begin PBXFileReference section */
		7D0687BB29ACF89800500A3A /* Lock.swift */ = {isa = PBXFileReference; lastKnownFileType = sourcecode.swift; path = Lock.swift; sourceTree = "<group>"; };
		7D0687BD29ACFB9100500A3A /* BookARoomView.swift */ = {isa = PBXFileReference; lastKnownFileType = sourcecode.swift; path = BookARoomView.swift; sourceTree = "<group>"; };
		7D0687BF29ACFC7C00500A3A /* RoomsModel.swift */ = {isa = PBXFileReference; lastKnownFileType = sourcecode.swift; path = RoomsModel.swift; sourceTree = "<group>"; };
		7D0687C129AD1FF400500A3A /* RoomsView.swift */ = {isa = PBXFileReference; lastKnownFileType = sourcecode.swift; path = RoomsView.swift; sourceTree = "<group>"; };
		7D0687C929AE2DCB00500A3A /* NFCSimulator.swift */ = {isa = PBXFileReference; lastKnownFileType = sourcecode.swift; path = NFCSimulator.swift; sourceTree = "<group>"; };
		7D214EDE299E920500D19798 /* LoginView.swift */ = {isa = PBXFileReference; lastKnownFileType = sourcecode.swift; path = LoginView.swift; sourceTree = "<group>"; };
		7D214EE4299F80E600D19798 /* User.swift */ = {isa = PBXFileReference; lastKnownFileType = sourcecode.swift; path = User.swift; sourceTree = "<group>"; };
		7D214EE8299FB0B000D19798 /* BookedRoomsView.swift */ = {isa = PBXFileReference; lastKnownFileType = sourcecode.swift; path = BookedRoomsView.swift; sourceTree = "<group>"; };
		7D214EEA299FB34F00D19798 /* HomeView.swift */ = {isa = PBXFileReference; lastKnownFileType = sourcecode.swift; path = HomeView.swift; sourceTree = "<group>"; };
		7D214EEC299FB47900D19798 /* AccountSummary.swift */ = {isa = PBXFileReference; lastKnownFileType = sourcecode.swift; path = AccountSummary.swift; sourceTree = "<group>"; };
		7D334A4A29D42B7000D65FC6 /* AddRoomView.swift */ = {isa = PBXFileReference; lastKnownFileType = sourcecode.swift; path = AddRoomView.swift; sourceTree = "<group>"; };
		7D95384F29C9DC7A00C800FC /* RoomView.swift */ = {isa = PBXFileReference; lastKnownFileType = sourcecode.swift; path = RoomView.swift; sourceTree = "<group>"; };
		7D95385729CCC6DD00C800FC /* AuthorizedUsersView.swift */ = {isa = PBXFileReference; lastKnownFileType = sourcecode.swift; path = AuthorizedUsersView.swift; sourceTree = "<group>"; };
		7D95387529CDE2D100C800FC /* AllUsersView.swift */ = {isa = PBXFileReference; lastKnownFileType = sourcecode.swift; path = AllUsersView.swift; sourceTree = "<group>"; };
		7D95387729CDE99A00C800FC /* LocksView.swift */ = {isa = PBXFileReference; lastKnownFileType = sourcecode.swift; path = LocksView.swift; sourceTree = "<group>"; };
		EB13F92A29B3B93800C87335 /* GoogleService-Info.plist */ = {isa = PBXFileReference; fileEncoding = 4; lastKnownFileType = text.plist.xml; path = "GoogleService-Info.plist"; sourceTree = "<group>"; };
		EB13F92C29B60A9000C87335 /* ChangePasswordOnFirstLoginView.swift */ = {isa = PBXFileReference; lastKnownFileType = sourcecode.swift; path = ChangePasswordOnFirstLoginView.swift; sourceTree = "<group>"; };
		EB13F92E29B6179B00C87335 /* ManageUsersView.swift */ = {isa = PBXFileReference; lastKnownFileType = sourcecode.swift; path = ManageUsersView.swift; sourceTree = "<group>"; };
		EB13F93229B61DBA00C87335 /* UserbaseViewModel.swift */ = {isa = PBXFileReference; lastKnownFileType = sourcecode.swift; path = UserbaseViewModel.swift; sourceTree = "<group>"; };
		EB13F93429B8EB6A00C87335 /* EditUserView.swift */ = {isa = PBXFileReference; lastKnownFileType = sourcecode.swift; path = EditUserView.swift; sourceTree = "<group>"; };
		EB1D4FC629D34D0000A71AB4 /* UsermodelClassTest.swift */ = {isa = PBXFileReference; lastKnownFileType = sourcecode.swift; path = UsermodelClassTest.swift; sourceTree = "<group>"; };
		EB2A275929ACD2C500BE19EC /* UnlockIT.entitlements */ = {isa = PBXFileReference; fileEncoding = 4; lastKnownFileType = text.plist.entitlements; path = UnlockIT.entitlements; sourceTree = "<group>"; };
		EB2A275B29AE806C00BE19EC /* FirebaseController.swift */ = {isa = PBXFileReference; lastKnownFileType = sourcecode.swift; path = FirebaseController.swift; sourceTree = "<group>"; };
		EB40F60629D1A491007FEE14 /* UnlockITTests.xctest */ = {isa = PBXFileReference; explicitFileType = wrapper.cfbundle; includeInIndex = 0; path = UnlockITTests.xctest; sourceTree = BUILT_PRODUCTS_DIR; };
		EB496C8F29D185F700519C57 /* KeychainManager.swift */ = {isa = PBXFileReference; lastKnownFileType = sourcecode.swift; path = KeychainManager.swift; sourceTree = "<group>"; };
		EB4BC21329D1E19700205893 /* UserClassTest.swift */ = {isa = PBXFileReference; lastKnownFileType = sourcecode.swift; path = UserClassTest.swift; sourceTree = "<group>"; };
		EBA1E19A29BF839200F2F41B /* ChangePasswordView.swift */ = {isa = PBXFileReference; lastKnownFileType = sourcecode.swift; path = ChangePasswordView.swift; sourceTree = "<group>"; };
		EBB20DE229A4231B007AF69A /* MainView.swift */ = {isa = PBXFileReference; lastKnownFileType = sourcecode.swift; path = MainView.swift; sourceTree = "<group>"; };
		EBB20DE729A43483007AF69A /* AdminControls.swift */ = {isa = PBXFileReference; lastKnownFileType = sourcecode.swift; path = AdminControls.swift; sourceTree = "<group>"; };
		EBB20DF729A5492D007AF69A /* ConfigureLockView.swift */ = {isa = PBXFileReference; lastKnownFileType = sourcecode.swift; path = ConfigureLockView.swift; sourceTree = "<group>"; };
		EBB20DF929A5493C007AF69A /* CreateUserView.swift */ = {isa = PBXFileReference; lastKnownFileType = sourcecode.swift; path = CreateUserView.swift; sourceTree = "<group>"; };
		EBB20DFB29A54954007AF69A /* ConfigureNewMeetingRoomView.swift */ = {isa = PBXFileReference; lastKnownFileType = sourcecode.swift; path = ConfigureNewMeetingRoomView.swift; sourceTree = "<group>"; };
		EBCE539429E97E2E00A6F044 /* StringExtensions.swift */ = {isa = PBXFileReference; lastKnownFileType = sourcecode.swift; path = StringExtensions.swift; sourceTree = "<group>"; };
		EBCE539629E97E3900A6F044 /* BoolExtensions.swift */ = {isa = PBXFileReference; lastKnownFileType = sourcecode.swift; path = BoolExtensions.swift; sourceTree = "<group>"; };
		EBCE539A29F1C89200A6F044 /* da */ = {isa = PBXFileReference; lastKnownFileType = text.plist.strings; name = da; path = da.lproj/InfoPlist.strings; sourceTree = "<group>"; };
		EBCE539D29F1C89200A6F044 /* da */ = {isa = PBXFileReference; lastKnownFileType = text.plist.strings; name = da; path = da.lproj/Localizable.strings; sourceTree = "<group>"; };
		EBD004B4299E7538008B57A3 /* UnlockIT.app */ = {isa = PBXFileReference; explicitFileType = wrapper.application; includeInIndex = 0; path = UnlockIT.app; sourceTree = BUILT_PRODUCTS_DIR; };
		EBD004B7299E7538008B57A3 /* UnlockITApp.swift */ = {isa = PBXFileReference; lastKnownFileType = sourcecode.swift; path = UnlockITApp.swift; sourceTree = "<group>"; };
		EBD004BB299E753D008B57A3 /* Assets.xcassets */ = {isa = PBXFileReference; lastKnownFileType = folder.assetcatalog; path = Assets.xcassets; sourceTree = "<group>"; };
		EBD004BE299E753D008B57A3 /* Preview Assets.xcassets */ = {isa = PBXFileReference; lastKnownFileType = folder.assetcatalog; path = "Preview Assets.xcassets"; sourceTree = "<group>"; };
		EBF2C8F129A7D92600D22A20 /* Info.plist */ = {isa = PBXFileReference; lastKnownFileType = text.plist; path = Info.plist; sourceTree = "<group>"; };
		EBF2C8F329ABE1B500D22A20 /* RoomTile.swift */ = {isa = PBXFileReference; lastKnownFileType = sourcecode.swift; path = RoomTile.swift; sourceTree = "<group>"; };
		EBF2C8F729ABE25900D22A20 /* AppStyle.swift */ = {isa = PBXFileReference; lastKnownFileType = sourcecode.swift; path = AppStyle.swift; sourceTree = "<group>"; };
/* End PBXFileReference section */

/* Begin PBXFrameworksBuildPhase section */
		EB40F60329D1A491007FEE14 /* Frameworks */ = {
			isa = PBXFrameworksBuildPhase;
			buildActionMask = 2147483647;
			files = (
				EB40F61129D1A7FA007FEE14 /* FirebaseAuth in Frameworks */,
				EB40F61329D1A808007FEE14 /* FirebaseFirestoreSwift in Frameworks */,
			);
			runOnlyForDeploymentPostprocessing = 0;
		};
		EBD004B1299E7537008B57A3 /* Frameworks */ = {
			isa = PBXFrameworksBuildPhase;
			buildActionMask = 2147483647;
			files = (
				EBB20DEB29A4ECA0007AF69A /* FirebaseAuth in Frameworks */,
				EBB20DEF29A4ECA0007AF69A /* FirebaseFirestoreSwift in Frameworks */,
			);
			runOnlyForDeploymentPostprocessing = 0;
		};
/* End PBXFrameworksBuildPhase section */

/* Begin PBXGroup section */
		7D214EE0299F7DF500D19798 /* data */ = {
			isa = PBXGroup;
			children = (
				7D214EE4299F80E600D19798 /* User.swift */,
				EBF2C8F729ABE25900D22A20 /* AppStyle.swift */,
				7D0687BB29ACF89800500A3A /* Lock.swift */,
				7D0687BF29ACFC7C00500A3A /* RoomsModel.swift */,
				EB13F93229B61DBA00C87335 /* UserbaseViewModel.swift */,
			);
			path = data;
			sourceTree = "<group>";
		};
		EB2A275A29AE804000BE19EC /* controllers */ = {
			isa = PBXGroup;
			children = (
				EB2A275B29AE806C00BE19EC /* FirebaseController.swift */,
				EB496C8F29D185F700519C57 /* KeychainManager.swift */,
			);
			path = controllers;
			sourceTree = "<group>";
		};
		EB40F60729D1A491007FEE14 /* UnlockITTests */ = {
			isa = PBXGroup;
			children = (
				EB4BC21329D1E19700205893 /* UserClassTest.swift */,
				EB1D4FC629D34D0000A71AB4 /* UsermodelClassTest.swift */,
			);
			path = UnlockITTests;
			sourceTree = "<group>";
		};
		EB40F60F29D1A7FA007FEE14 /* Frameworks */ = {
			isa = PBXGroup;
			children = (
			);
			name = Frameworks;
			sourceTree = "<group>";
		};
		EBB20DE129A42287007AF69A /* views */ = {
			isa = PBXGroup;
			children = (
				7D0687BD29ACFB9100500A3A /* BookARoomView.swift */,
				7D214EDE299E920500D19798 /* LoginView.swift */,
				7D214EE8299FB0B000D19798 /* BookedRoomsView.swift */,
				7D214EEA299FB34F00D19798 /* HomeView.swift */,
				EBB20DE229A4231B007AF69A /* MainView.swift */,
				EBB20DE729A43483007AF69A /* AdminControls.swift */,
				EBB20DF929A5493C007AF69A /* CreateUserView.swift */,
				EBB20DFB29A54954007AF69A /* ConfigureNewMeetingRoomView.swift */,
				EB13F92C29B60A9000C87335 /* ChangePasswordOnFirstLoginView.swift */,
				EB13F92E29B6179B00C87335 /* ManageUsersView.swift */,
				EB13F93429B8EB6A00C87335 /* EditUserView.swift */,
				7D95387729CDE99A00C800FC /* LocksView.swift */,
				7D0687C129AD1FF400500A3A /* RoomsView.swift */,
				7D334A4A29D42B7000D65FC6 /* AddRoomView.swift */,
				7D95385729CCC6DD00C800FC /* AuthorizedUsersView.swift */,
				7D95387529CDE2D100C800FC /* AllUsersView.swift */,
				EBB20DF729A5492D007AF69A /* ConfigureLockView.swift */,
				7D95384F29C9DC7A00C800FC /* RoomView.swift */,
				EBA1E19A29BF839200F2F41B /* ChangePasswordView.swift */,
			);
			path = views;
			sourceTree = "<group>";
		};
		EBCE539329E97E0200A6F044 /* Extenstions */ = {
			isa = PBXGroup;
			children = (
				EBCE539429E97E2E00A6F044 /* StringExtensions.swift */,
				EBCE539629E97E3900A6F044 /* BoolExtensions.swift */,
			);
			path = Extenstions;
			sourceTree = "<group>";
		};
		EBCE539829F1C63200A6F044 /* LanguageLocalizations */ = {
			isa = PBXGroup;
			children = (
				EBCE539C29F1C89200A6F044 /* Localizable.strings */,
				EBCE539929F1C89200A6F044 /* InfoPlist.strings */,
			);
			path = LanguageLocalizations;
			sourceTree = "<group>";
		};
		EBD004AB299E7537008B57A3 = {
			isa = PBXGroup;
			children = (
				EB13F92A29B3B93800C87335 /* GoogleService-Info.plist */,
				EBD004B6299E7538008B57A3 /* UnlockIT */,
				EB40F60729D1A491007FEE14 /* UnlockITTests */,
				EBD004B5299E7538008B57A3 /* Products */,
				EB40F60F29D1A7FA007FEE14 /* Frameworks */,
			);
			sourceTree = "<group>";
		};
		EBD004B5299E7538008B57A3 /* Products */ = {
			isa = PBXGroup;
			children = (
				EBD004B4299E7538008B57A3 /* UnlockIT.app */,
				EB40F60629D1A491007FEE14 /* UnlockITTests.xctest */,
			);
			name = Products;
			sourceTree = "<group>";
		};
		EBD004B6299E7538008B57A3 /* UnlockIT */ = {
			isa = PBXGroup;
			children = (
				EBCE539829F1C63200A6F044 /* LanguageLocalizations */,
				EBCE539329E97E0200A6F044 /* Extenstions */,
				EB2A275929ACD2C500BE19EC /* UnlockIT.entitlements */,
				EBF2C8F129A7D92600D22A20 /* Info.plist */,
				EBF2C8F229ABE17900D22A20 /* components */,
				EB2A275A29AE804000BE19EC /* controllers */,
				7D214EE0299F7DF500D19798 /* data */,
				EBB20DE129A42287007AF69A /* views */,
				EBD004B7299E7538008B57A3 /* UnlockITApp.swift */,
				EBD004BB299E753D008B57A3 /* Assets.xcassets */,
				EBD004BD299E753D008B57A3 /* Preview Content */,
			);
			path = UnlockIT;
			sourceTree = "<group>";
		};
		EBD004BD299E753D008B57A3 /* Preview Content */ = {
			isa = PBXGroup;
			children = (
				EBD004BE299E753D008B57A3 /* Preview Assets.xcassets */,
			);
			path = "Preview Content";
			sourceTree = "<group>";
		};
		EBF2C8F229ABE17900D22A20 /* components */ = {
			isa = PBXGroup;
			children = (
				7D214EEC299FB47900D19798 /* AccountSummary.swift */,
				EBF2C8F329ABE1B500D22A20 /* RoomTile.swift */,
				7D0687C929AE2DCB00500A3A /* NFCSimulator.swift */,
			);
			path = components;
			sourceTree = "<group>";
		};
/* End PBXGroup section */

/* Begin PBXNativeTarget section */
		EB40F60529D1A491007FEE14 /* UnlockITTests */ = {
			isa = PBXNativeTarget;
			buildConfigurationList = EB40F60C29D1A491007FEE14 /* Build configuration list for PBXNativeTarget "UnlockITTests" */;
			buildPhases = (
				EB40F60229D1A491007FEE14 /* Sources */,
				EB40F60329D1A491007FEE14 /* Frameworks */,
				EB40F60429D1A491007FEE14 /* Resources */,
			);
			buildRules = (
			);
			dependencies = (
				EB40F60B29D1A491007FEE14 /* PBXTargetDependency */,
			);
			name = UnlockITTests;
			packageProductDependencies = (
				EB40F61029D1A7FA007FEE14 /* FirebaseAuth */,
				EB40F61229D1A808007FEE14 /* FirebaseFirestoreSwift */,
			);
			productName = UnlockITTests;
			productReference = EB40F60629D1A491007FEE14 /* UnlockITTests.xctest */;
			productType = "com.apple.product-type.bundle.unit-test";
		};
		EBD004B3299E7537008B57A3 /* UnlockIT */ = {
			isa = PBXNativeTarget;
			buildConfigurationList = EBD004C2299E753D008B57A3 /* Build configuration list for PBXNativeTarget "UnlockIT" */;
			buildPhases = (
				EBD004B0299E7537008B57A3 /* Sources */,
				EBD004B1299E7537008B57A3 /* Frameworks */,
				EBD004B2299E7537008B57A3 /* Resources */,
			);
			buildRules = (
			);
			dependencies = (
			);
			name = UnlockIT;
			packageProductDependencies = (
				EBB20DEA29A4ECA0007AF69A /* FirebaseAuth */,
				EBB20DEE29A4ECA0007AF69A /* FirebaseFirestoreSwift */,
			);
			productName = UnlockIT;
			productReference = EBD004B4299E7538008B57A3 /* UnlockIT.app */;
			productType = "com.apple.product-type.application";
		};
/* End PBXNativeTarget section */

/* Begin PBXProject section */
		EBD004AC299E7537008B57A3 /* Project object */ = {
			isa = PBXProject;
			attributes = {
				BuildIndependentTargetsInParallel = 1;
				LastSwiftUpdateCheck = 1420;
				LastUpgradeCheck = 1420;
				TargetAttributes = {
					EB40F60529D1A491007FEE14 = {
						CreatedOnToolsVersion = 14.2;
						TestTargetID = EBD004B3299E7537008B57A3;
					};
					EBD004B3299E7537008B57A3 = {
						CreatedOnToolsVersion = 14.2;
					};
				};
			};
			buildConfigurationList = EBD004AF299E7537008B57A3 /* Build configuration list for PBXProject "UnlockIT" */;
			compatibilityVersion = "Xcode 14.0";
			developmentRegion = en;
			hasScannedForEncodings = 0;
			knownRegions = (
				en,
				Base,
				da,
			);
			mainGroup = EBD004AB299E7537008B57A3;
			packageReferences = (
				EBB20DE929A4ECA0007AF69A /* XCRemoteSwiftPackageReference "firebase-ios-sdk" */,
			);
			productRefGroup = EBD004B5299E7538008B57A3 /* Products */;
			projectDirPath = "";
			projectRoot = "";
			targets = (
				EBD004B3299E7537008B57A3 /* UnlockIT */,
				EB40F60529D1A491007FEE14 /* UnlockITTests */,
			);
		};
/* End PBXProject section */

/* Begin PBXResourcesBuildPhase section */
		EB40F60429D1A491007FEE14 /* Resources */ = {
			isa = PBXResourcesBuildPhase;
			buildActionMask = 2147483647;
			files = (
			);
			runOnlyForDeploymentPostprocessing = 0;
		};
		EBD004B2299E7537008B57A3 /* Resources */ = {
			isa = PBXResourcesBuildPhase;
			buildActionMask = 2147483647;
			files = (
				EBCE539E29F1C89200A6F044 /* Localizable.strings in Resources */,
				EBD004BF299E753D008B57A3 /* Preview Assets.xcassets in Resources */,
				EBCE539B29F1C89200A6F044 /* InfoPlist.strings in Resources */,
				EBD004BC299E753D008B57A3 /* Assets.xcassets in Resources */,
				EB13F92B29B3B93800C87335 /* GoogleService-Info.plist in Resources */,
			);
			runOnlyForDeploymentPostprocessing = 0;
		};
/* End PBXResourcesBuildPhase section */

/* Begin PBXSourcesBuildPhase section */
		EB40F60229D1A491007FEE14 /* Sources */ = {
			isa = PBXSourcesBuildPhase;
			buildActionMask = 2147483647;
			files = (
				EB4BC21429D1E19700205893 /* UserClassTest.swift in Sources */,
				EB1D4FC729D34D0000A71AB4 /* UsermodelClassTest.swift in Sources */,
			);
			runOnlyForDeploymentPostprocessing = 0;
		};
		EBD004B0299E7537008B57A3 /* Sources */ = {
			isa = PBXSourcesBuildPhase;
			buildActionMask = 2147483647;
			files = (
				EBA1E19B29BF839200F2F41B /* ChangePasswordView.swift in Sources */,
				7D0687BE29ACFB9100500A3A /* BookARoomView.swift in Sources */,
				7D95385029C9DC7A00C800FC /* RoomView.swift in Sources */,
				EBF2C8F429ABE1B500D22A20 /* RoomTile.swift in Sources */,
				EBB20DFA29A5493C007AF69A /* CreateUserView.swift in Sources */,
				7D214EE5299F80E600D19798 /* User.swift in Sources */,
				7D0687C029ACFC7C00500A3A /* RoomsModel.swift in Sources */,
				EBB20DE329A4231B007AF69A /* MainView.swift in Sources */,
				EB2A275C29AE806C00BE19EC /* FirebaseController.swift in Sources */,
				7D214EEB299FB34F00D19798 /* HomeView.swift in Sources */,
				7D0687C229AD1FF400500A3A /* RoomsView.swift in Sources */,
				EBCE539729E97E3900A6F044 /* BoolExtensions.swift in Sources */,
				EBF2C8F829ABE25900D22A20 /* AppStyle.swift in Sources */,
				EB496C9029D185F700519C57 /* KeychainManager.swift in Sources */,
				7D214EDF299E920500D19798 /* LoginView.swift in Sources */,
				7D0687CA29AE2DCB00500A3A /* NFCSimulator.swift in Sources */,
				7D0687BC29ACF89800500A3A /* Lock.swift in Sources */,
				7D334A4B29D42B7000D65FC6 /* AddRoomView.swift in Sources */,
				7D214EED299FB47900D19798 /* AccountSummary.swift in Sources */,
				EBB20DFC29A54954007AF69A /* ConfigureNewMeetingRoomView.swift in Sources */,
				7D95387629CDE2D100C800FC /* AllUsersView.swift in Sources */,
				EBB20DE829A43483007AF69A /* AdminControls.swift in Sources */,
				7D95387829CDE99A00C800FC /* LocksView.swift in Sources */,
				7D214EE9299FB0B100D19798 /* BookedRoomsView.swift in Sources */,
				EBCE539529E97E2E00A6F044 /* StringExtensions.swift in Sources */,
				7D95385829CCC6DD00C800FC /* AuthorizedUsersView.swift in Sources */,
				EBB20DF829A5492D007AF69A /* ConfigureLockView.swift in Sources */,
				EB13F92D29B60A9000C87335 /* ChangePasswordOnFirstLoginView.swift in Sources */,
				EB13F93329B61DBA00C87335 /* UserbaseViewModel.swift in Sources */,
				EB13F93529B8EB6A00C87335 /* EditUserView.swift in Sources */,
				EBD004B8299E7538008B57A3 /* UnlockITApp.swift in Sources */,
				EB13F92F29B6179B00C87335 /* ManageUsersView.swift in Sources */,
			);
			runOnlyForDeploymentPostprocessing = 0;
		};
/* End PBXSourcesBuildPhase section */

/* Begin PBXTargetDependency section */
		EB40F60B29D1A491007FEE14 /* PBXTargetDependency */ = {
			isa = PBXTargetDependency;
			target = EBD004B3299E7537008B57A3 /* UnlockIT */;
			targetProxy = EB40F60A29D1A491007FEE14 /* PBXContainerItemProxy */;
		};
/* End PBXTargetDependency section */

/* Begin PBXVariantGroup section */
		EBCE539929F1C89200A6F044 /* InfoPlist.strings */ = {
			isa = PBXVariantGroup;
			children = (
				EBCE539A29F1C89200A6F044 /* da */,
			);
			name = InfoPlist.strings;
			sourceTree = "<group>";
		};
		EBCE539C29F1C89200A6F044 /* Localizable.strings */ = {
			isa = PBXVariantGroup;
			children = (
				EBCE539D29F1C89200A6F044 /* da */,
			);
			name = Localizable.strings;
			sourceTree = "<group>";
		};
/* End PBXVariantGroup section */

/* Begin XCBuildConfiguration section */
		EB40F60D29D1A491007FEE14 /* Debug */ = {
			isa = XCBuildConfiguration;
			buildSettings = {
				BUNDLE_LOADER = "$(TEST_HOST)";
				CODE_SIGN_STYLE = Automatic;
				CURRENT_PROJECT_VERSION = 1;
				DEVELOPMENT_TEAM = G6TSQJ6DQ5;
				GENERATE_INFOPLIST_FILE = YES;
				MARKETING_VERSION = 1.0;
				PRODUCT_BUNDLE_IDENTIFIER = com.UnlockIndustries.UnlockITTests;
				PRODUCT_NAME = "$(TARGET_NAME)";
				SWIFT_EMIT_LOC_STRINGS = NO;
				SWIFT_VERSION = 5.0;
				TARGETED_DEVICE_FAMILY = "1,2";
				TEST_HOST = "$(BUILT_PRODUCTS_DIR)/UnlockIT.app/$(BUNDLE_EXECUTABLE_FOLDER_PATH)/UnlockIT";
			};
			name = Debug;
		};
		EB40F60E29D1A491007FEE14 /* Release */ = {
			isa = XCBuildConfiguration;
			buildSettings = {
				BUNDLE_LOADER = "$(TEST_HOST)";
				CODE_SIGN_STYLE = Automatic;
				CURRENT_PROJECT_VERSION = 1;
				DEVELOPMENT_TEAM = G6TSQJ6DQ5;
				GENERATE_INFOPLIST_FILE = YES;
				MARKETING_VERSION = 1.0;
				PRODUCT_BUNDLE_IDENTIFIER = com.UnlockIndustries.UnlockITTests;
				PRODUCT_NAME = "$(TARGET_NAME)";
				SWIFT_EMIT_LOC_STRINGS = NO;
				SWIFT_VERSION = 5.0;
				TARGETED_DEVICE_FAMILY = "1,2";
				TEST_HOST = "$(BUILT_PRODUCTS_DIR)/UnlockIT.app/$(BUNDLE_EXECUTABLE_FOLDER_PATH)/UnlockIT";
			};
			name = Release;
		};
		EBD004C0299E753D008B57A3 /* Debug */ = {
			isa = XCBuildConfiguration;
			buildSettings = {
				ALWAYS_SEARCH_USER_PATHS = NO;
				CLANG_ANALYZER_NONNULL = YES;
				CLANG_ANALYZER_NUMBER_OBJECT_CONVERSION = YES_AGGRESSIVE;
				CLANG_CXX_LANGUAGE_STANDARD = "gnu++20";
				CLANG_ENABLE_MODULES = YES;
				CLANG_ENABLE_OBJC_ARC = YES;
				CLANG_ENABLE_OBJC_WEAK = YES;
				CLANG_WARN_BLOCK_CAPTURE_AUTORELEASING = YES;
				CLANG_WARN_BOOL_CONVERSION = YES;
				CLANG_WARN_COMMA = YES;
				CLANG_WARN_CONSTANT_CONVERSION = YES;
				CLANG_WARN_DEPRECATED_OBJC_IMPLEMENTATIONS = YES;
				CLANG_WARN_DIRECT_OBJC_ISA_USAGE = YES_ERROR;
				CLANG_WARN_DOCUMENTATION_COMMENTS = YES;
				CLANG_WARN_EMPTY_BODY = YES;
				CLANG_WARN_ENUM_CONVERSION = YES;
				CLANG_WARN_INFINITE_RECURSION = YES;
				CLANG_WARN_INT_CONVERSION = YES;
				CLANG_WARN_NON_LITERAL_NULL_CONVERSION = YES;
				CLANG_WARN_OBJC_IMPLICIT_RETAIN_SELF = YES;
				CLANG_WARN_OBJC_LITERAL_CONVERSION = YES;
				CLANG_WARN_OBJC_ROOT_CLASS = YES_ERROR;
				CLANG_WARN_QUOTED_INCLUDE_IN_FRAMEWORK_HEADER = YES;
				CLANG_WARN_RANGE_LOOP_ANALYSIS = YES;
				CLANG_WARN_STRICT_PROTOTYPES = YES;
				CLANG_WARN_SUSPICIOUS_MOVE = YES;
				CLANG_WARN_UNGUARDED_AVAILABILITY = YES_AGGRESSIVE;
				CLANG_WARN_UNREACHABLE_CODE = YES;
				CLANG_WARN__DUPLICATE_METHOD_MATCH = YES;
				COPY_PHASE_STRIP = NO;
				DEBUG_INFORMATION_FORMAT = dwarf;
				ENABLE_STRICT_OBJC_MSGSEND = YES;
				ENABLE_TESTABILITY = YES;
				GCC_C_LANGUAGE_STANDARD = gnu11;
				GCC_DYNAMIC_NO_PIC = NO;
				GCC_NO_COMMON_BLOCKS = YES;
				GCC_OPTIMIZATION_LEVEL = 0;
				GCC_PREPROCESSOR_DEFINITIONS = (
					"DEBUG=1",
					"$(inherited)",
				);
				GCC_WARN_64_TO_32_BIT_CONVERSION = YES;
				GCC_WARN_ABOUT_RETURN_TYPE = YES_ERROR;
				GCC_WARN_UNDECLARED_SELECTOR = YES;
				GCC_WARN_UNINITIALIZED_AUTOS = YES_AGGRESSIVE;
				GCC_WARN_UNUSED_FUNCTION = YES;
				GCC_WARN_UNUSED_VARIABLE = YES;
				IPHONEOS_DEPLOYMENT_TARGET = 16.2;
				MTL_ENABLE_DEBUG_INFO = INCLUDE_SOURCE;
				MTL_FAST_MATH = YES;
				ONLY_ACTIVE_ARCH = YES;
				SDKROOT = iphoneos;
				SWIFT_ACTIVE_COMPILATION_CONDITIONS = DEBUG;
				SWIFT_OPTIMIZATION_LEVEL = "-Onone";
			};
			name = Debug;
		};
		EBD004C1299E753D008B57A3 /* Release */ = {
			isa = XCBuildConfiguration;
			buildSettings = {
				ALWAYS_SEARCH_USER_PATHS = NO;
				CLANG_ANALYZER_NONNULL = YES;
				CLANG_ANALYZER_NUMBER_OBJECT_CONVERSION = YES_AGGRESSIVE;
				CLANG_CXX_LANGUAGE_STANDARD = "gnu++20";
				CLANG_ENABLE_MODULES = YES;
				CLANG_ENABLE_OBJC_ARC = YES;
				CLANG_ENABLE_OBJC_WEAK = YES;
				CLANG_WARN_BLOCK_CAPTURE_AUTORELEASING = YES;
				CLANG_WARN_BOOL_CONVERSION = YES;
				CLANG_WARN_COMMA = YES;
				CLANG_WARN_CONSTANT_CONVERSION = YES;
				CLANG_WARN_DEPRECATED_OBJC_IMPLEMENTATIONS = YES;
				CLANG_WARN_DIRECT_OBJC_ISA_USAGE = YES_ERROR;
				CLANG_WARN_DOCUMENTATION_COMMENTS = YES;
				CLANG_WARN_EMPTY_BODY = YES;
				CLANG_WARN_ENUM_CONVERSION = YES;
				CLANG_WARN_INFINITE_RECURSION = YES;
				CLANG_WARN_INT_CONVERSION = YES;
				CLANG_WARN_NON_LITERAL_NULL_CONVERSION = YES;
				CLANG_WARN_OBJC_IMPLICIT_RETAIN_SELF = YES;
				CLANG_WARN_OBJC_LITERAL_CONVERSION = YES;
				CLANG_WARN_OBJC_ROOT_CLASS = YES_ERROR;
				CLANG_WARN_QUOTED_INCLUDE_IN_FRAMEWORK_HEADER = YES;
				CLANG_WARN_RANGE_LOOP_ANALYSIS = YES;
				CLANG_WARN_STRICT_PROTOTYPES = YES;
				CLANG_WARN_SUSPICIOUS_MOVE = YES;
				CLANG_WARN_UNGUARDED_AVAILABILITY = YES_AGGRESSIVE;
				CLANG_WARN_UNREACHABLE_CODE = YES;
				CLANG_WARN__DUPLICATE_METHOD_MATCH = YES;
				COPY_PHASE_STRIP = NO;
				DEBUG_INFORMATION_FORMAT = "dwarf-with-dsym";
				ENABLE_NS_ASSERTIONS = NO;
				ENABLE_STRICT_OBJC_MSGSEND = YES;
				GCC_C_LANGUAGE_STANDARD = gnu11;
				GCC_NO_COMMON_BLOCKS = YES;
				GCC_WARN_64_TO_32_BIT_CONVERSION = YES;
				GCC_WARN_ABOUT_RETURN_TYPE = YES_ERROR;
				GCC_WARN_UNDECLARED_SELECTOR = YES;
				GCC_WARN_UNINITIALIZED_AUTOS = YES_AGGRESSIVE;
				GCC_WARN_UNUSED_FUNCTION = YES;
				GCC_WARN_UNUSED_VARIABLE = YES;
				IPHONEOS_DEPLOYMENT_TARGET = 16.2;
				MTL_ENABLE_DEBUG_INFO = NO;
				MTL_FAST_MATH = YES;
				SDKROOT = iphoneos;
				SWIFT_COMPILATION_MODE = wholemodule;
				SWIFT_OPTIMIZATION_LEVEL = "-O";
				VALIDATE_PRODUCT = YES;
			};
			name = Release;
		};
		EBD004C3299E753D008B57A3 /* Debug */ = {
			isa = XCBuildConfiguration;
			buildSettings = {
				ASSETCATALOG_COMPILER_APPICON_NAME = AppIcon;
				ASSETCATALOG_COMPILER_GLOBAL_ACCENT_COLOR_NAME = AccentColor;
				CODE_SIGN_ENTITLEMENTS = UnlockIT/UnlockIT.entitlements;
				CODE_SIGN_IDENTITY = "Apple Development";
				CODE_SIGN_STYLE = Automatic;
				CURRENT_PROJECT_VERSION = 1;
				DEVELOPMENT_ASSET_PATHS = "\"UnlockIT/Preview Content\"";
				DEVELOPMENT_TEAM = G6TSQJ6DQ5;
				ENABLE_PREVIEWS = YES;
				GENERATE_INFOPLIST_FILE = YES;
				INFOPLIST_FILE = UnlockIT/Info.plist;
				INFOPLIST_KEY_NFCReaderUsageDescription = "We need to unlock locks";
				INFOPLIST_KEY_NSFaceIDUsageDescription = "This app needs to use FaceID for for security purposes";
				INFOPLIST_KEY_UIApplicationSceneManifest_Generation = YES;
				INFOPLIST_KEY_UIApplicationSupportsIndirectInputEvents = YES;
				INFOPLIST_KEY_UILaunchScreen_Generation = YES;
				INFOPLIST_KEY_UISupportedInterfaceOrientations_iPad = "UIInterfaceOrientationPortrait UIInterfaceOrientationPortraitUpsideDown UIInterfaceOrientationLandscapeLeft UIInterfaceOrientationLandscapeRight";
				INFOPLIST_KEY_UISupportedInterfaceOrientations_iPhone = "UIInterfaceOrientationPortrait UIInterfaceOrientationLandscapeLeft UIInterfaceOrientationLandscapeRight";
				LD_RUNPATH_SEARCH_PATHS = (
					"$(inherited)",
					"@executable_path/Frameworks",
				);
				MARKETING_VERSION = 1.0;
				PRODUCT_BUNDLE_IDENTIFIER = dtu.engtech.s191270.UnlockIT;
				PRODUCT_NAME = "$(TARGET_NAME)";
				PROVISIONING_PROFILE_SPECIFIER = "";
				SWIFT_EMIT_LOC_STRINGS = YES;
				SWIFT_VERSION = 5.0;
				TARGETED_DEVICE_FAMILY = "1,2";
			};
			name = Debug;
		};
		EBD004C4299E753D008B57A3 /* Release */ = {
			isa = XCBuildConfiguration;
			buildSettings = {
				ASSETCATALOG_COMPILER_APPICON_NAME = AppIcon;
				ASSETCATALOG_COMPILER_GLOBAL_ACCENT_COLOR_NAME = AccentColor;
				CODE_SIGN_ENTITLEMENTS = UnlockIT/UnlockIT.entitlements;
				CODE_SIGN_IDENTITY = "Apple Development";
				CODE_SIGN_STYLE = Automatic;
				CURRENT_PROJECT_VERSION = 1;
				DEVELOPMENT_ASSET_PATHS = "\"UnlockIT/Preview Content\"";
				DEVELOPMENT_TEAM = G6TSQJ6DQ5;
				ENABLE_PREVIEWS = YES;
				GENERATE_INFOPLIST_FILE = YES;
				INFOPLIST_FILE = UnlockIT/Info.plist;
				INFOPLIST_KEY_NFCReaderUsageDescription = "We need to unlock locks";
				INFOPLIST_KEY_NSFaceIDUsageDescription = "This app needs to use FaceID for for security purposes";
				INFOPLIST_KEY_UIApplicationSceneManifest_Generation = YES;
				INFOPLIST_KEY_UIApplicationSupportsIndirectInputEvents = YES;
				INFOPLIST_KEY_UILaunchScreen_Generation = YES;
				INFOPLIST_KEY_UISupportedInterfaceOrientations_iPad = "UIInterfaceOrientationPortrait UIInterfaceOrientationPortraitUpsideDown UIInterfaceOrientationLandscapeLeft UIInterfaceOrientationLandscapeRight";
				INFOPLIST_KEY_UISupportedInterfaceOrientations_iPhone = "UIInterfaceOrientationPortrait UIInterfaceOrientationLandscapeLeft UIInterfaceOrientationLandscapeRight";
				LD_RUNPATH_SEARCH_PATHS = (
					"$(inherited)",
					"@executable_path/Frameworks",
				);
				MARKETING_VERSION = 1.0;
				PRODUCT_BUNDLE_IDENTIFIER = dtu.engtech.s191270.UnlockIT;
				PRODUCT_NAME = "$(TARGET_NAME)";
				PROVISIONING_PROFILE_SPECIFIER = "";
				SWIFT_EMIT_LOC_STRINGS = YES;
				SWIFT_VERSION = 5.0;
				TARGETED_DEVICE_FAMILY = "1,2";
			};
			name = Release;
		};
/* End XCBuildConfiguration section */

/* Begin XCConfigurationList section */
		EB40F60C29D1A491007FEE14 /* Build configuration list for PBXNativeTarget "UnlockITTests" */ = {
			isa = XCConfigurationList;
			buildConfigurations = (
				EB40F60D29D1A491007FEE14 /* Debug */,
				EB40F60E29D1A491007FEE14 /* Release */,
			);
			defaultConfigurationIsVisible = 0;
			defaultConfigurationName = Release;
		};
		EBD004AF299E7537008B57A3 /* Build configuration list for PBXProject "UnlockIT" */ = {
			isa = XCConfigurationList;
			buildConfigurations = (
				EBD004C0299E753D008B57A3 /* Debug */,
				EBD004C1299E753D008B57A3 /* Release */,
			);
			defaultConfigurationIsVisible = 0;
			defaultConfigurationName = Release;
		};
		EBD004C2299E753D008B57A3 /* Build configuration list for PBXNativeTarget "UnlockIT" */ = {
			isa = XCConfigurationList;
			buildConfigurations = (
				EBD004C3299E753D008B57A3 /* Debug */,
				EBD004C4299E753D008B57A3 /* Release */,
			);
			defaultConfigurationIsVisible = 0;
			defaultConfigurationName = Release;
		};
/* End XCConfigurationList section */

/* Begin XCRemoteSwiftPackageReference section */
		EBB20DE929A4ECA0007AF69A /* XCRemoteSwiftPackageReference "firebase-ios-sdk" */ = {
			isa = XCRemoteSwiftPackageReference;
			repositoryURL = "https://github.com/firebase/firebase-ios-sdk";
			requirement = {
				kind = upToNextMajorVersion;
				minimumVersion = 9.0.0;
			};
		};
/* End XCRemoteSwiftPackageReference section */

/* Begin XCSwiftPackageProductDependency section */
		EB40F61029D1A7FA007FEE14 /* FirebaseAuth */ = {
			isa = XCSwiftPackageProductDependency;
			package = EBB20DE929A4ECA0007AF69A /* XCRemoteSwiftPackageReference "firebase-ios-sdk" */;
			productName = FirebaseAuth;
		};
		EB40F61229D1A808007FEE14 /* FirebaseFirestoreSwift */ = {
			isa = XCSwiftPackageProductDependency;
			package = EBB20DE929A4ECA0007AF69A /* XCRemoteSwiftPackageReference "firebase-ios-sdk" */;
			productName = FirebaseFirestoreSwift;
		};
		EBB20DEA29A4ECA0007AF69A /* FirebaseAuth */ = {
			isa = XCSwiftPackageProductDependency;
			package = EBB20DE929A4ECA0007AF69A /* XCRemoteSwiftPackageReference "firebase-ios-sdk" */;
			productName = FirebaseAuth;
		};
		EBB20DEE29A4ECA0007AF69A /* FirebaseFirestoreSwift */ = {
			isa = XCSwiftPackageProductDependency;
			package = EBB20DE929A4ECA0007AF69A /* XCRemoteSwiftPackageReference "firebase-ios-sdk" */;
			productName = FirebaseFirestoreSwift;
		};
/* End XCSwiftPackageProductDependency section */
	};
	rootObject = EBD004AC299E7537008B57A3 /* Project object */;
}
